
Microsoft Visual Studio Solution File, Format Version 12.00
# Visual Studio 15
VisualStudioVersion = 15.0.27004.2005
MinimumVisualStudioVersion = 10.0.40219.1
Project("{FAE04EC0-301F-11D3-BF4B-00C04F79EFBC}") = "P03_SalesDatabase", "P03_SalesDatabase\P03_SalesDatabase.csproj", "{9BD22A6F-9BEA-4CCF-950C-BC2C6C8684D8}"
EndProject
Project("{FAE04EC0-301F-11D3-BF4B-00C04F79EFBC}") = "SalesStartUp", "SalesStartUp\SalesStartUp.csproj", "{D9836F87-11A6-4888-8A0F-6B4EECB7CA3A}"
EndProject
Global
	GlobalSection(SolutionConfigurationPlatforms) = preSolution
		Debug|Any CPU = Debug|Any CPU
		Release|Any CPU = Release|Any CPU
	EndGlobalSection
	GlobalSection(ProjectConfigurationPlatforms) = postSolution
		{9BD22A6F-9BEA-4CCF-950C-BC2C6C8684D8}.Debug|Any CPU.ActiveCfg = Debug|Any CPU
		{9BD22A6F-9BEA-4CCF-950C-BC2C6C8684D8}.Debug|Any CPU.Build.0 = Debug|Any CPU
		{9BD22A6F-9BEA-4CCF-950C-BC2C6C8684D8}.Release|Any CPU.ActiveCfg = Release|Any CPU
		{9BD22A6F-9BEA-4CCF-950C-BC2C6C8684D8}.Release|Any CPU.Build.0 = Release|Any CPU
		{D9836F87-11A6-4888-8A0F-6B4EECB7CA3A}.Debug|Any CPU.ActiveCfg = Debug|Any CPU
		{D9836F87-11A6-4888-8A0F-6B4EECB7CA3A}.Debug|Any CPU.Build.0 = Debug|Any CPU
		{D9836F87-11A6-4888-8A0F-6B4EECB7CA3A}.Release|Any CPU.ActiveCfg = Release|Any CPU
		{D9836F87-11A6-4888-8A0F-6B4EECB7CA3A}.Release|Any CPU.Build.0 = Release|Any CPU
	EndGlobalSection
	GlobalSection(SolutionProperties) = preSolution
		HideSolutionNode = FALSE
	EndGlobalSection
	GlobalSection(ExtensibilityGlobals) = postSolution
		SolutionGuid = {D8C6EF77-C6D1-415B-AFE3-E5AF3D6C3DF2}
	EndGlobalSection
EndGlobal
