
Microsoft Visual Studio Solution File, Format Version 12.00
# Visual Studio 15
VisualStudioVersion = 15.0.27004.2005
MinimumVisualStudioVersion = 10.0.40219.1
Project("{FAE04EC0-301F-11D3-BF4B-00C04F79EFBC}") = "P1.EmployeesMapping.App", "P1.EmployeesMapping.App\P1.EmployeesMapping.App.csproj", "{48BD57B4-953E-493D-8FB5-8EFF970164AE}"
EndProject
Project("{FAE04EC0-301F-11D3-BF4B-00C04F79EFBC}") = "P1.EmployeesMapping.Model", "P1.EmployeesMapping.Model\P1.EmployeesMapping.Model.csproj", "{B94EEBC8-9569-478B-90EA-ACCFAA9F22B7}"
EndProject
Project("{FAE04EC0-301F-11D3-BF4B-00C04F79EFBC}") = "P1.EmployeesMapping.Data", "P1.EmployeesMapping.Data\P1.EmployeesMapping.Data.csproj", "{7FDB73F5-09ED-420E-AF0E-4BF5C0E88BB7}"
EndProject
Project("{FAE04EC0-301F-11D3-BF4B-00C04F79EFBC}") = "EmployeesMapping.Services", "EmployeesMapping.Services\EmployeesMapping.Services.csproj", "{30297CE3-C28C-4E4B-AF62-72B0262DEFA6}"
EndProject
Project("{FAE04EC0-301F-11D3-BF4B-00C04F79EFBC}") = "EmployeesMapping.DtoModel", "EmployeesMapping.DtoModel\EmployeesMapping.DtoModel.csproj", "{9D689F24-FEB7-4579-8ACF-9AD8A26BBF0A}"
EndProject
Global
	GlobalSection(SolutionConfigurationPlatforms) = preSolution
		Debug|Any CPU = Debug|Any CPU
		Release|Any CPU = Release|Any CPU
	EndGlobalSection
	GlobalSection(ProjectConfigurationPlatforms) = postSolution
		{48BD57B4-953E-493D-8FB5-8EFF970164AE}.Debug|Any CPU.ActiveCfg = Debug|Any CPU
		{48BD57B4-953E-493D-8FB5-8EFF970164AE}.Debug|Any CPU.Build.0 = Debug|Any CPU
		{48BD57B4-953E-493D-8FB5-8EFF970164AE}.Release|Any CPU.ActiveCfg = Release|Any CPU
		{48BD57B4-953E-493D-8FB5-8EFF970164AE}.Release|Any CPU.Build.0 = Release|Any CPU
		{B94EEBC8-9569-478B-90EA-ACCFAA9F22B7}.Debug|Any CPU.ActiveCfg = Debug|Any CPU
		{B94EEBC8-9569-478B-90EA-ACCFAA9F22B7}.Debug|Any CPU.Build.0 = Debug|Any CPU
		{B94EEBC8-9569-478B-90EA-ACCFAA9F22B7}.Release|Any CPU.ActiveCfg = Release|Any CPU
		{B94EEBC8-9569-478B-90EA-ACCFAA9F22B7}.Release|Any CPU.Build.0 = Release|Any CPU
		{7FDB73F5-09ED-420E-AF0E-4BF5C0E88BB7}.Debug|Any CPU.ActiveCfg = Debug|Any CPU
		{7FDB73F5-09ED-420E-AF0E-4BF5C0E88BB7}.Debug|Any CPU.Build.0 = Debug|Any CPU
		{7FDB73F5-09ED-420E-AF0E-4BF5C0E88BB7}.Release|Any CPU.ActiveCfg = Release|Any CPU
		{7FDB73F5-09ED-420E-AF0E-4BF5C0E88BB7}.Release|Any CPU.Build.0 = Release|Any CPU
		{30297CE3-C28C-4E4B-AF62-72B0262DEFA6}.Debug|Any CPU.ActiveCfg = Debug|Any CPU
		{30297CE3-C28C-4E4B-AF62-72B0262DEFA6}.Debug|Any CPU.Build.0 = Debug|Any CPU
		{30297CE3-C28C-4E4B-AF62-72B0262DEFA6}.Release|Any CPU.ActiveCfg = Release|Any CPU
		{30297CE3-C28C-4E4B-AF62-72B0262DEFA6}.Release|Any CPU.Build.0 = Release|Any CPU
		{9D689F24-FEB7-4579-8ACF-9AD8A26BBF0A}.Debug|Any CPU.ActiveCfg = Debug|Any CPU
		{9D689F24-FEB7-4579-8ACF-9AD8A26BBF0A}.Debug|Any CPU.Build.0 = Debug|Any CPU
		{9D689F24-FEB7-4579-8ACF-9AD8A26BBF0A}.Release|Any CPU.ActiveCfg = Release|Any CPU
		{9D689F24-FEB7-4579-8ACF-9AD8A26BBF0A}.Release|Any CPU.Build.0 = Release|Any CPU
	EndGlobalSection
	GlobalSection(SolutionProperties) = preSolution
		HideSolutionNode = FALSE
	EndGlobalSection
	GlobalSection(ExtensibilityGlobals) = postSolution
		SolutionGuid = {43A1643E-0A1E-4595-91F0-0F350BD1658F}
	EndGlobalSection
EndGlobal
