
Microsoft Visual Studio Solution File, Format Version 12.00
# Visual Studio 15
VisualStudioVersion = 15.0.27004.2005
MinimumVisualStudioVersion = 10.0.40219.1
Project("{9A19103F-16F7-4668-BE54-9A1E7A4F7556}") = "TeamBuilder.Data", "TeamBuilder.Data\TeamBuilder.Data.csproj", "{A68D352A-BAA3-4DAB-A000-0B5C0AC2F2A6}"
EndProject
Project("{9A19103F-16F7-4668-BE54-9A1E7A4F7556}") = "TeamBuilder.Models", "TeamBuilder.Models\TeamBuilder.Models.csproj", "{742140B0-0054-401C-A570-1E0BC117ED22}"
EndProject
Project("{FAE04EC0-301F-11D3-BF4B-00C04F79EFBC}") = "TeamBuilder.App", "TeamBuilder.App\TeamBuilder.App.csproj", "{FA9250E1-FB8D-4B09-AEF3-C0E08E8440ED}"
EndProject
Global
	GlobalSection(SolutionConfigurationPlatforms) = preSolution
		Debug|Any CPU = Debug|Any CPU
		Release|Any CPU = Release|Any CPU
	EndGlobalSection
	GlobalSection(ProjectConfigurationPlatforms) = postSolution
		{A68D352A-BAA3-4DAB-A000-0B5C0AC2F2A6}.Debug|Any CPU.ActiveCfg = Debug|Any CPU
		{A68D352A-BAA3-4DAB-A000-0B5C0AC2F2A6}.Debug|Any CPU.Build.0 = Debug|Any CPU
		{A68D352A-BAA3-4DAB-A000-0B5C0AC2F2A6}.Release|Any CPU.ActiveCfg = Release|Any CPU
		{A68D352A-BAA3-4DAB-A000-0B5C0AC2F2A6}.Release|Any CPU.Build.0 = Release|Any CPU
		{742140B0-0054-401C-A570-1E0BC117ED22}.Debug|Any CPU.ActiveCfg = Debug|Any CPU
		{742140B0-0054-401C-A570-1E0BC117ED22}.Debug|Any CPU.Build.0 = Debug|Any CPU
		{742140B0-0054-401C-A570-1E0BC117ED22}.Release|Any CPU.ActiveCfg = Release|Any CPU
		{742140B0-0054-401C-A570-1E0BC117ED22}.Release|Any CPU.Build.0 = Release|Any CPU
		{FA9250E1-FB8D-4B09-AEF3-C0E08E8440ED}.Debug|Any CPU.ActiveCfg = Debug|Any CPU
		{FA9250E1-FB8D-4B09-AEF3-C0E08E8440ED}.Debug|Any CPU.Build.0 = Debug|Any CPU
		{FA9250E1-FB8D-4B09-AEF3-C0E08E8440ED}.Release|Any CPU.ActiveCfg = Release|Any CPU
		{FA9250E1-FB8D-4B09-AEF3-C0E08E8440ED}.Release|Any CPU.Build.0 = Release|Any CPU
	EndGlobalSection
	GlobalSection(SolutionProperties) = preSolution
		HideSolutionNode = FALSE
	EndGlobalSection
	GlobalSection(ExtensibilityGlobals) = postSolution
		SolutionGuid = {323F2E4D-DAA8-4621-8BD2-9697E99A68A8}
	EndGlobalSection
EndGlobal
