
Microsoft Visual Studio Solution File, Format Version 12.00
# Visual Studio 15
VisualStudioVersion = 15.0.27004.2005
MinimumVisualStudioVersion = 10.0.40219.1
Project("{FAE04EC0-301F-11D3-BF4B-00C04F79EFBC}") = "P03_FootballBetting", "P03_FootballBetting\P03_FootballBetting.csproj", "{F25CC223-070A-4047-A9F5-A4AF02E98EF9}"
EndProject
Project("{FAE04EC0-301F-11D3-BF4B-00C04F79EFBC}") = "P03_FootballBetting.Data", "P03_FootballBetting.Data\P03_FootballBetting.Data.csproj", "{2C3B4B1E-2536-4852-9275-95C74B2ADF10}"
EndProject
Project("{FAE04EC0-301F-11D3-BF4B-00C04F79EFBC}") = "P03_FootballBetting.Data.Models", "P03_FootballBetting.Data.Models\P03_FootballBetting.Data.Models.csproj", "{FD525658-203C-4E4C-8A71-13C9CAB48692}"
EndProject
Global
	GlobalSection(SolutionConfigurationPlatforms) = preSolution
		Debug|Any CPU = Debug|Any CPU
		Release|Any CPU = Release|Any CPU
	EndGlobalSection
	GlobalSection(ProjectConfigurationPlatforms) = postSolution
		{F25CC223-070A-4047-A9F5-A4AF02E98EF9}.Debug|Any CPU.ActiveCfg = Debug|Any CPU
		{F25CC223-070A-4047-A9F5-A4AF02E98EF9}.Debug|Any CPU.Build.0 = Debug|Any CPU
		{F25CC223-070A-4047-A9F5-A4AF02E98EF9}.Release|Any CPU.ActiveCfg = Release|Any CPU
		{F25CC223-070A-4047-A9F5-A4AF02E98EF9}.Release|Any CPU.Build.0 = Release|Any CPU
		{2C3B4B1E-2536-4852-9275-95C74B2ADF10}.Debug|Any CPU.ActiveCfg = Debug|Any CPU
		{2C3B4B1E-2536-4852-9275-95C74B2ADF10}.Debug|Any CPU.Build.0 = Debug|Any CPU
		{2C3B4B1E-2536-4852-9275-95C74B2ADF10}.Release|Any CPU.ActiveCfg = Release|Any CPU
		{2C3B4B1E-2536-4852-9275-95C74B2ADF10}.Release|Any CPU.Build.0 = Release|Any CPU
		{FD525658-203C-4E4C-8A71-13C9CAB48692}.Debug|Any CPU.ActiveCfg = Debug|Any CPU
		{FD525658-203C-4E4C-8A71-13C9CAB48692}.Debug|Any CPU.Build.0 = Debug|Any CPU
		{FD525658-203C-4E4C-8A71-13C9CAB48692}.Release|Any CPU.ActiveCfg = Release|Any CPU
		{FD525658-203C-4E4C-8A71-13C9CAB48692}.Release|Any CPU.Build.0 = Release|Any CPU
	EndGlobalSection
	GlobalSection(SolutionProperties) = preSolution
		HideSolutionNode = FALSE
	EndGlobalSection
	GlobalSection(ExtensibilityGlobals) = postSolution
		SolutionGuid = {3FDD57A4-0BC3-4AD3-A915-C34DF3C55E67}
	EndGlobalSection
EndGlobal
